
Microsoft Visual Studio Solution File, Format Version 12.00
# Visual Studio 15
Project("{FAE04EC0-301F-11D3-BF4B-00C04F79EFBC}") = "Assembly-CSharp", "Assembly-CSharp.csproj", "{BA9B4FF8-A069-B35D-6380-CA5A9E851C8D}"
EndProject
Project("{FAE04EC0-301F-11D3-BF4B-00C04F79EFBC}") = "Assembly-CSharp-Editor", "Assembly-CSharp-Editor.csproj", "{9511DBCA-78D1-9808-4DFE-49C612BBD203}"
EndProject
Global
	GlobalSection(SolutionConfigurationPlatforms) = preSolution
		Debug|Any CPU = Debug|Any CPU
		Release|Any CPU = Release|Any CPU
	EndGlobalSection
	GlobalSection(ProjectConfigurationPlatforms) = postSolution
		{BA9B4FF8-A069-B35D-6380-CA5A9E851C8D}.Debug|Any CPU.ActiveCfg = Debug|Any CPU
		{BA9B4FF8-A069-B35D-6380-CA5A9E851C8D}.Debug|Any CPU.Build.0 = Debug|Any CPU
		{BA9B4FF8-A069-B35D-6380-CA5A9E851C8D}.Release|Any CPU.ActiveCfg = Release|Any CPU
		{BA9B4FF8-A069-B35D-6380-CA5A9E851C8D}.Release|Any CPU.Build.0 = Release|Any CPU
		{9511DBCA-78D1-9808-4DFE-49C612BBD203}.Debug|Any CPU.ActiveCfg = Debug|Any CPU
		{9511DBCA-78D1-9808-4DFE-49C612BBD203}.Debug|Any CPU.Build.0 = Debug|Any CPU
		{9511DBCA-78D1-9808-4DFE-49C612BBD203}.Release|Any CPU.ActiveCfg = Release|Any CPU
		{9511DBCA-78D1-9808-4DFE-49C612BBD203}.Release|Any CPU.Build.0 = Release|Any CPU
	EndGlobalSection
	GlobalSection(SolutionProperties) = preSolution
		HideSolutionNode = FALSE
	EndGlobalSection
EndGlobal
